<?xml version="1.0" encoding="utf-8"?>
<Project ToolsVersion="4.0" xmlns="http://schemas.microsoft.com/developer/msbuild/2003">
  <ItemGroup>
    <Filter Include="Source Files">
      <UniqueIdentifier>{4FC737F1-C7A5-4376-A066-2A32D752A2FF}</UniqueIdentifier>
      <Extensions>cpp;c;cc;cxx;def;odl;idl;hpj;bat;asm;asmx</Extensions>
    </Filter>
    <Filter Include="Header Files">
      <UniqueIdentifier>{93995380-89BD-4b04-88EB-625FBE52EBFB}</UniqueIdentifier>
      <Extensions>h;hpp;hxx;hm;inl;inc;xsd</Extensions>
    </Filter>
    <Filter Include="Resource Files">
      <UniqueIdentifier>{67DA6AB6-F800-4c08-8B7A-83BB121AAD01}</UniqueIdentifier>
      <Extensions>rc;ico;cur;bmp;dlg;rc2;rct;bin;rgs;gif;jpg;jpeg;jpe;resx;tiff;tif;png;wav</Extensions>
    </Filter>
    <Filter Include="Blocks">
      <UniqueIdentifier>{0893EAD0-416B-4A69-A08C-A8BCF21D9B09}</UniqueIdentifier>
    </Filter>
    <Filter Include="Blocks\OpenCV">
      <UniqueIdentifier>{095DA845-7258-4BC4-866A-437FEC4F4F12}</UniqueIdentifier>
    </Filter>
    <Filter Include="Blocks\OpenCV\include">
      <UniqueIdentifier>{6271D9E7-CD58-4732-A160-9C5AF50C3C92}</UniqueIdentifier>
    </Filter>
    <Filter Include="Blocks\OSC">
      <UniqueIdentifier>{F8FFEB1D-F8EC-4A70-9F4E-388A3188B92B}</UniqueIdentifier>
    </Filter>
    <Filter Include="Blocks\OSC\src">
      <UniqueIdentifier>{9E3E2EC3-BF3E-442E-BDDA-892685E91A8E}</UniqueIdentifier>
    </Filter>
    <Filter Include="Blocks\OSC\src\ip">
      <UniqueIdentifier>{1F5ED164-01A9-4BF0-9FBE-AD92E4F24F07}</UniqueIdentifier>
    </Filter>
    <Filter Include="Blocks\OSC\src\osc">
      <UniqueIdentifier>{C56C8918-62BC-4E2C-BB52-BD2CBA125F6A}</UniqueIdentifier>
    </Filter>
    <Filter Include="Blocks\OSC\src\ip\win32">
      <UniqueIdentifier>{C6774FD0-50DE-4521-AF2F-1509AFEA5EA6}</UniqueIdentifier>
    </Filter>
    <Filter Include="Source Files\aruco">
      <UniqueIdentifier>{a8967835-b728-4fa4-9662-0207abb0ee09}</UniqueIdentifier>
    </Filter>
    <Filter Include="Source Files\utils">
      <UniqueIdentifier>{967c23d9-569b-46bc-884a-f6d0602484eb}</UniqueIdentifier>
    </Filter>
  </ItemGroup>
  <ItemGroup>
    <ClCompile Include="..\src\SimpleCornerDetectionApp.cpp">
      <Filter>Source Files</Filter>
    </ClCompile>
    <ClInclude Include="..\include\Resources.h">
      <Filter>Header Files</Filter>
    </ClInclude>
    <ClCompile Include="..\src\SimpleCornerDetectionApp.cpp">
      <Filter>Source Files</Filter>
    </ClCompile>
    <ClInclude Include="..\blocks\OpenCV\include\CinderOpenCV.h">
      <Filter>Blocks\OpenCV\include</Filter>
    </ClInclude>
    <ClCompile Include="..\..\..\cinder_master\blocks\OSC\src\OscBundle.cpp">
      <Filter>Blocks\OSC\src</Filter>
    </ClCompile>
    <ClCompile Include="..\..\..\cinder_master\blocks\OSC\src\OscListener.cpp">
      <Filter>Blocks\OSC\src</Filter>
    </ClCompile>
    <ClCompile Include="..\..\..\cinder_master\blocks\OSC\src\OscMessage.cpp">
      <Filter>Blocks\OSC\src</Filter>
    </ClCompile>
    <ClCompile Include="..\..\..\cinder_master\blocks\OSC\src\OscSender.cpp">
      <Filter>Blocks\OSC\src</Filter>
    </ClCompile>
    <ClCompile Include="..\..\..\cinder_master\blocks\OSC\src\ip\IpEndpointName.cpp">
      <Filter>Blocks\OSC\src\ip</Filter>
    </ClCompile>
    <ClCompile Include="..\..\..\cinder_master\blocks\OSC\src\osc\OscOutboundPacketStream.cpp">
      <Filter>Blocks\OSC\src\osc</Filter>
    </ClCompile>
    <ClCompile Include="..\..\..\cinder_master\blocks\OSC\src\osc\OscPrintReceivedElements.cpp">
      <Filter>Blocks\OSC\src\osc</Filter>
    </ClCompile>
    <ClCompile Include="..\..\..\cinder_master\blocks\OSC\src\osc\OscReceivedElements.cpp">
      <Filter>Blocks\OSC\src\osc</Filter>
    </ClCompile>
    <ClCompile Include="..\..\..\cinder_master\blocks\OSC\src\osc\OscTypes.cpp">
      <Filter>Blocks\OSC\src\osc</Filter>
    </ClCompile>
    <ClInclude Include="..\..\..\cinder_master\blocks\OSC\src\OscArg.h">
      <Filter>Blocks\OSC\src</Filter>
    </ClInclude>
    <ClInclude Include="..\..\..\cinder_master\blocks\OSC\src\OscBundle.h">
      <Filter>Blocks\OSC\src</Filter>
    </ClInclude>
    <ClInclude Include="..\..\..\cinder_master\blocks\OSC\src\OscListener.h">
      <Filter>Blocks\OSC\src</Filter>
    </ClInclude>
    <ClInclude Include="..\..\..\cinder_master\blocks\OSC\src\OscMessage.h">
      <Filter>Blocks\OSC\src</Filter>
    </ClInclude>
    <ClInclude Include="..\..\..\cinder_master\blocks\OSC\src\OscSender.h">
      <Filter>Blocks\OSC\src</Filter>
    </ClInclude>
    <ClInclude Include="..\..\..\cinder_master\blocks\OSC\src\ip\IpEndpointName.h">
      <Filter>Blocks\OSC\src\ip</Filter>
    </ClInclude>
    <ClInclude Include="..\..\..\cinder_master\blocks\OSC\src\ip\NetworkingUtils.h">
      <Filter>Blocks\OSC\src\ip</Filter>
    </ClInclude>
    <ClInclude Include="..\..\..\cinder_master\blocks\OSC\src\ip\PacketListener.h">
      <Filter>Blocks\OSC\src\ip</Filter>
    </ClInclude>
    <ClInclude Include="..\..\..\cinder_master\blocks\OSC\src\ip\TimerListener.h">
      <Filter>Blocks\OSC\src\ip</Filter>
    </ClInclude>
    <ClInclude Include="..\..\..\cinder_master\blocks\OSC\src\ip\UdpSocket.h">
      <Filter>Blocks\OSC\src\ip</Filter>
    </ClInclude>
    <ClInclude Include="..\..\..\cinder_master\blocks\OSC\src\osc\MessageMappingOscPacketListener.h">
      <Filter>Blocks\OSC\src\osc</Filter>
    </ClInclude>
    <ClInclude Include="..\..\..\cinder_master\blocks\OSC\src\osc\OscException.h">
      <Filter>Blocks\OSC\src\osc</Filter>
    </ClInclude>
    <ClInclude Include="..\..\..\cinder_master\blocks\OSC\src\osc\OscHostEndianness.h">
      <Filter>Blocks\OSC\src\osc</Filter>
    </ClInclude>
    <ClInclude Include="..\..\..\cinder_master\blocks\OSC\src\osc\OscOutboundPacketStream.h">
      <Filter>Blocks\OSC\src\osc</Filter>
    </ClInclude>
    <ClInclude Include="..\..\..\cinder_master\blocks\OSC\src\osc\OscPacketListener.h">
      <Filter>Blocks\OSC\src\osc</Filter>
    </ClInclude>
    <ClInclude Include="..\..\..\cinder_master\blocks\OSC\src\osc\OscPrintReceivedElements.h">
      <Filter>Blocks\OSC\src\osc</Filter>
    </ClInclude>
    <ClInclude Include="..\..\..\cinder_master\blocks\OSC\src\osc\OscReceivedElements.h">
      <Filter>Blocks\OSC\src\osc</Filter>
    </ClInclude>
    <ClInclude Include="..\..\..\cinder_master\blocks\OSC\src\osc\OscTypes.h">
      <Filter>Blocks\OSC\src\osc</Filter>
    </ClInclude>
    <ClCompile Include="..\..\..\cinder_master\blocks\OSC\src\ip\win32\NetworkingUtils.cpp">
      <Filter>Blocks\OSC\src\ip\win32</Filter>
    </ClCompile>
    <ClCompile Include="..\..\..\cinder_master\blocks\OSC\src\ip\win32\UdpSocket.cpp">
      <Filter>Blocks\OSC\src\ip\win32</Filter>
    </ClCompile>
    <ClCompile Include="aruco\src\arucofidmarkers.cpp">
      <Filter>Source Files\aruco</Filter>
    </ClCompile>
    <ClCompile Include="aruco\src\board.cpp">
      <Filter>Source Files\aruco</Filter>
    </ClCompile>
    <ClCompile Include="aruco\src\boarddetector.cpp">
      <Filter>Source Files\aruco</Filter>
    </ClCompile>
    <ClCompile Include="aruco\src\cameraparameters.cpp">
      <Filter>Source Files\aruco</Filter>
    </ClCompile>
    <ClCompile Include="aruco\src\cvdrawingutils.cpp">
      <Filter>Source Files\aruco</Filter>
    </ClCompile>
    <ClCompile Include="aruco\src\marker.cpp">
      <Filter>Source Files\aruco</Filter>
    </ClCompile>
    <ClCompile Include="aruco\src\markerdetector.cpp">
      <Filter>Source Files\aruco</Filter>
    </ClCompile>
    <ClCompile Include="aruco\utils\aruco_board_pix2meters.cpp">
      <Filter>Source Files\utils</Filter>
    </ClCompile>
    <ClCompile Include="aruco\utils\aruco_create_board.cpp">
      <Filter>Source Files\utils</Filter>
    </ClCompile>
    <ClCompile Include="aruco\utils\aruco_create_marker.cpp">
      <Filter>Source Files\utils</Filter>
    </ClCompile>
    <ClCompile Include="aruco\utils\aruco_selectoptimalmarkers.cpp">
      <Filter>Source Files\utils</Filter>
    </ClCompile>
    <ClCompile Include="aruco\utils\aruco_simple.cpp">
      <Filter>Source Files\utils</Filter>
    </ClCompile>
    <ClCompile Include="aruco\utils\aruco_simple_board.cpp">
      <Filter>Source Files\utils</Filter>
    </ClCompile>
    <ClCompile Include="aruco\utils\aruco_test.cpp">
      <Filter>Source Files\utils</Filter>
    </ClCompile>
  </ItemGroup>
  <ItemGroup>
    <ClInclude Include="..\include\Resources.h">
      <Filter>Header Files</Filter>
    </ClInclude>
    <ClInclude Include="aruco\src\aruco.h">
      <Filter>Source Files\aruco</Filter>
    </ClInclude>
    <ClInclude Include="aruco\src\arucofidmarkers.h">
      <Filter>Source Files\aruco</Filter>
    </ClInclude>
    <ClInclude Include="aruco\src\board.h">
      <Filter>Source Files\aruco</Filter>
    </ClInclude>
    <ClInclude Include="aruco\src\boarddetector.h">
      <Filter>Source Files\aruco</Filter>
    </ClInclude>
    <ClInclude Include="aruco\src\cameraparameters.h">
      <Filter>Source Files\aruco</Filter>
    </ClInclude>
    <ClInclude Include="aruco\src\cvdrawingutils.h">
      <Filter>Source Files\aruco</Filter>
    </ClInclude>
    <ClInclude Include="aruco\src\exports.h">
      <Filter>Source Files\aruco</Filter>
    </ClInclude>
    <ClInclude Include="aruco\src\marker.h">
      <Filter>Source Files\aruco</Filter>
    </ClInclude>
    <ClInclude Include="aruco\src\markerdetector.h">
      <Filter>Source Files\aruco</Filter>
    </ClInclude>
    <ClInclude Include="aruco\utils\common.h">
      <Filter>Source Files\utils</Filter>
    </ClInclude>
  </ItemGroup>
  <ItemGroup>
    <ResourceCompile Include="Resources.rc">
      <Filter>Resource Files</Filter>
    </ResourceCompile>
  </ItemGroup>
  <ItemGroup>
    <Text Include="aruco\src\CMakeLists.txt">
      <Filter>Source Files\aruco</Filter>
    </Text>
    <Text Include="aruco\utils\CMakeLists.txt">
      <Filter>Source Files\utils</Filter>
    </Text>
  </ItemGroup>
</Project>